
Microsoft Visual Studio Solution File, Format Version 12.00
# Visual Studio Version 16
VisualStudioVersion = 16.0.33529.622
MinimumVisualStudioVersion = 10.0.40219.1
Project("{8BC9CEB8-8B4A-11D0-8D11-00A0C91BC942}") = "Pacman Game", "Pacman Game.vcxproj", "{80F99078-5530-41A2-8C4D-669640BC57D9}"
EndProject
Global
	GlobalSection(SolutionConfigurationPlatforms) = preSolution
		Debug|x64 = Debug|x64
		Debug|x86 = Debug|x86
		Release|x64 = Release|x64
		Release|x86 = Release|x86
	EndGlobalSection
	GlobalSection(ProjectConfigurationPlatforms) = postSolution
		{80F99078-5530-41A2-8C4D-669640BC57D9}.Debug|x64.ActiveCfg = Debug|x64
		{80F99078-5530-41A2-8C4D-669640BC57D9}.Debug|x64.Build.0 = Debug|x64
		{80F99078-5530-41A2-8C4D-669640BC57D9}.Debug|x86.ActiveCfg = Debug|Win32
		{80F99078-5530-41A2-8C4D-669640BC57D9}.Debug|x86.Build.0 = Debug|Win32
		{80F99078-5530-41A2-8C4D-669640BC57D9}.Release|x64.ActiveCfg = Release|x64
		{80F99078-5530-41A2-8C4D-669640BC57D9}.Release|x64.Build.0 = Release|x64
		{80F99078-5530-41A2-8C4D-669640BC57D9}.Release|x86.ActiveCfg = Release|Win32
		{80F99078-5530-41A2-8C4D-669640BC57D9}.Release|x86.Build.0 = Release|Win32
	EndGlobalSection
	GlobalSection(SolutionProperties) = preSolution
		HideSolutionNode = FALSE
	EndGlobalSection
	GlobalSection(ExtensibilityGlobals) = postSolution
		SolutionGuid = {A1476247-5A1D-4DCB-BF76-19ECED19D559}
	EndGlobalSection
EndGlobal
